
Microsoft Visual Studio Solution File, Format Version 12.00
# Visual Studio 15
VisualStudioVersion = 15.0.28307.168
MinimumVisualStudioVersion = 10.0.40219.1
Project("{8BC9CEB8-8B4A-11D0-8D11-00A0C91BC942}") = "virus", "virus\virus.vcxproj", "{22EDCF07-1EF7-4819-BF4B-3EF52F8EBA6F}"
EndProject
Global
	GlobalSection(SolutionConfigurationPlatforms) = preSolution
		Debug|x64 = Debug|x64
		Debug|x86 = Debug|x86
		Release|x64 = Release|x64
		Release|x86 = Release|x86
	EndGlobalSection
	GlobalSection(ProjectConfigurationPlatforms) = postSolution
		{22EDCF07-1EF7-4819-BF4B-3EF52F8EBA6F}.Debug|x64.ActiveCfg = Debug|x64
		{22EDCF07-1EF7-4819-BF4B-3EF52F8EBA6F}.Debug|x64.Build.0 = Debug|x64
		{22EDCF07-1EF7-4819-BF4B-3EF52F8EBA6F}.Debug|x86.ActiveCfg = Debug|Win32
		{22EDCF07-1EF7-4819-BF4B-3EF52F8EBA6F}.Debug|x86.Build.0 = Debug|Win32
		{22EDCF07-1EF7-4819-BF4B-3EF52F8EBA6F}.Release|x64.ActiveCfg = Release|x64
		{22EDCF07-1EF7-4819-BF4B-3EF52F8EBA6F}.Release|x64.Build.0 = Release|x64
		{22EDCF07-1EF7-4819-BF4B-3EF52F8EBA6F}.Release|x86.ActiveCfg = Release|Win32
		{22EDCF07-1EF7-4819-BF4B-3EF52F8EBA6F}.Release|x86.Build.0 = Release|Win32
	EndGlobalSection
	GlobalSection(SolutionProperties) = preSolution
		HideSolutionNode = FALSE
	EndGlobalSection
	GlobalSection(ExtensibilityGlobals) = postSolution
		SolutionGuid = {8678FAE1-4DE2-41D6-873D-B532594EE0B9}
	EndGlobalSection
EndGlobal
